
Microsoft Visual Studio Solution File, Format Version 12.00
# Visual Studio 15
VisualStudioVersion = 15.0.27130.2027
MinimumVisualStudioVersion = 10.0.40219.1
Project("{9A19103F-16F7-4668-BE54-9A1E7A4F7556}") = "FunctionsAndWebhooks", "FunctionsAndWebhooks\FunctionsAndWebhooks.csproj", "{55CE3C5B-1834-445A-9D91-32BA0057A984}"
EndProject
Global
	GlobalSection(SolutionConfigurationPlatforms) = preSolution
		Debug|Any CPU = Debug|Any CPU
		Release|Any CPU = Release|Any CPU
	EndGlobalSection
	GlobalSection(ProjectConfigurationPlatforms) = postSolution
		{55CE3C5B-1834-445A-9D91-32BA0057A984}.Debug|Any CPU.ActiveCfg = Debug|Any CPU
		{55CE3C5B-1834-445A-9D91-32BA0057A984}.Debug|Any CPU.Build.0 = Debug|Any CPU
		{55CE3C5B-1834-445A-9D91-32BA0057A984}.Release|Any CPU.ActiveCfg = Release|Any CPU
		{55CE3C5B-1834-445A-9D91-32BA0057A984}.Release|Any CPU.Build.0 = Release|Any CPU
	EndGlobalSection
	GlobalSection(SolutionProperties) = preSolution
		HideSolutionNode = FALSE
	EndGlobalSection
	GlobalSection(ExtensibilityGlobals) = postSolution
		SolutionGuid = {5200D9FF-8289-4EDA-B57C-18988E733EAA}
	EndGlobalSection
EndGlobal
